
Microsoft Visual Studio Solution File, Format Version 12.00
Project("{FAE04EC0-301F-11D3-BF4B-00C04F79EFBC}") = "GorgeStudio", "GorgeStudio\GorgeStudio.csproj", "{C04D28A7-7591-43B3-8C7C-35DB8C5AC388}"
EndProject
Project("{FAE04EC0-301F-11D3-BF4B-00C04F79EFBC}") = "GorgeCore", "GorgeCore\GorgeCore.csproj", "{C3064258-B588-434F-82E1-22D8C499F0F0}"
EndProject
Project("{FAE04EC0-301F-11D3-BF4B-00C04F79EFBC}") = "GorgeCompileFramework", "GorgeCompileFramework\GorgeCompileFramework.csproj", "{6A8D2077-FD42-4B00-8FC2-F3A7782577B3}"
EndProject
Project("{FAE04EC0-301F-11D3-BF4B-00C04F79EFBC}") = "GorgeCompilerToolchain", "GorgeCompilerToolchain\GorgeCompilerToolchain.csproj", "{6F1E8E1D-8FD8-469A-87D0-2D3006A7F5C0}"
EndProject
Global
	GlobalSection(SolutionConfigurationPlatforms) = preSolution
		Debug|Any CPU = Debug|Any CPU
		Release|Any CPU = Release|Any CPU
	EndGlobalSection
	GlobalSection(ProjectConfigurationPlatforms) = postSolution
		{C04D28A7-7591-43B3-8C7C-35DB8C5AC388}.Debug|Any CPU.ActiveCfg = Debug|Any CPU
		{C04D28A7-7591-43B3-8C7C-35DB8C5AC388}.Debug|Any CPU.Build.0 = Debug|Any CPU
		{C04D28A7-7591-43B3-8C7C-35DB8C5AC388}.Release|Any CPU.ActiveCfg = Release|Any CPU
		{C04D28A7-7591-43B3-8C7C-35DB8C5AC388}.Release|Any CPU.Build.0 = Release|Any CPU
		{C3064258-B588-434F-82E1-22D8C499F0F0}.Debug|Any CPU.ActiveCfg = Debug|Any CPU
		{C3064258-B588-434F-82E1-22D8C499F0F0}.Debug|Any CPU.Build.0 = Debug|Any CPU
		{C3064258-B588-434F-82E1-22D8C499F0F0}.Release|Any CPU.ActiveCfg = Release|Any CPU
		{C3064258-B588-434F-82E1-22D8C499F0F0}.Release|Any CPU.Build.0 = Release|Any CPU
		{6A8D2077-FD42-4B00-8FC2-F3A7782577B3}.Debug|Any CPU.ActiveCfg = Debug|Any CPU
		{6A8D2077-FD42-4B00-8FC2-F3A7782577B3}.Debug|Any CPU.Build.0 = Debug|Any CPU
		{6A8D2077-FD42-4B00-8FC2-F3A7782577B3}.Release|Any CPU.ActiveCfg = Release|Any CPU
		{6A8D2077-FD42-4B00-8FC2-F3A7782577B3}.Release|Any CPU.Build.0 = Release|Any CPU
		{6F1E8E1D-8FD8-469A-87D0-2D3006A7F5C0}.Debug|Any CPU.ActiveCfg = Debug|Any CPU
		{6F1E8E1D-8FD8-469A-87D0-2D3006A7F5C0}.Debug|Any CPU.Build.0 = Debug|Any CPU
		{6F1E8E1D-8FD8-469A-87D0-2D3006A7F5C0}.Release|Any CPU.ActiveCfg = Release|Any CPU
		{6F1E8E1D-8FD8-469A-87D0-2D3006A7F5C0}.Release|Any CPU.Build.0 = Release|Any CPU
	EndGlobalSection
	GlobalSection(SolutionProperties) = preSolution
		HideSolutionNode = FALSE
	EndGlobalSection
EndGlobal
